{
  "version": 4,
  "terraform_version": "1.6.5",
  "serial": 10,
  "lineage": "d6c31e2c-ebb2-e184-883d-01942f471e4e",
  "outputs": {
    "website": {
      "value": "http://terraform.arunsiby.tech",
      "type": "string"
    }
  },
  "resources": [
    {
      "mode": "data",
      "type": "aws_route53_zone",
      "name": "zone-details",
      "provider": "provider[\"registry.terraform.io/hashicorp/aws\"]",
      "instances": [
        {
          "schema_version": 0,
          "attributes": {
            "arn": "arn:aws:route53:::hostedzone/Z0075815S1PB0FDD9XX2",
            "caller_reference": "d3b4b52e-a4e7-465e-9339-0f38014e967d",
            "comment": "arunsiby.tech",
            "id": "Z0075815S1PB0FDD9XX2",
            "linked_service_description": null,
            "linked_service_principal": null,
            "name": "arunsiby.tech",
            "name_servers": [
              "ns-1318.awsdns-36.org",
              "ns-50.awsdns-06.com",
              "ns-1674.awsdns-17.co.uk",
              "ns-861.awsdns-43.net"
            ],
            "primary_name_server": "ns-1318.awsdns-36.org",
            "private_zone": false,
            "resource_record_set_count": 8,
            "tags": {
              "Name": "arunsiby.tech",
              "Project": "zomato"
            },
            "vpc_id": null,
            "zone_id": "Z0075815S1PB0FDD9XX2"
          },
          "sensitive_attributes": []
        }
      ]
    },
    {
      "mode": "managed",
      "type": "aws_eip",
      "name": "frontend",
      "provider": "provider[\"registry.terraform.io/hashicorp/aws\"]",
      "instances": [
        {
          "schema_version": 0,
          "attributes": {
            "address": null,
            "allocation_id": "eipalloc-07ac592d6c981439e",
            "associate_with_private_ip": null,
            "association_id": "eipassoc-071b35ee24cc613a6",
            "carrier_ip": "",
            "customer_owned_ip": "",
            "customer_owned_ipv4_pool": "",
            "domain": "vpc",
            "id": "eipalloc-07ac592d6c981439e",
            "instance": "i-012336959d5d22272",
            "network_border_group": "ap-south-1",
            "network_interface": "eni-01d8079c59dc6ce71",
            "private_dns": "ip-172-31-41-148.ap-south-1.compute.internal",
            "private_ip": "172.31.41.148",
            "public_dns": "ec2-65-2-7-212.ap-south-1.compute.amazonaws.com",
            "public_ip": "65.2.7.212",
            "public_ipv4_pool": "amazon",
            "tags": {
              "Name": "zomato-prod-frontend"
            },
            "tags_all": {
              "Name": "zomato-prod-frontend"
            },
            "timeouts": null,
            "vpc": true
          },
          "sensitive_attributes": [],
          "private": "eyJlMmJmYjczMC1lY2FhLTExZTYtOGY4OC0zNDM2M2JjN2M0YzAiOnsiZGVsZXRlIjoxODAwMDAwMDAwMDAsInJlYWQiOjkwMDAwMDAwMDAwMCwidXBkYXRlIjozMDAwMDAwMDAwMDB9fQ==",
          "dependencies": [
            "aws_instance.frontend",
            "aws_key_pair.my_key",
            "aws_security_group.frontend"
          ]
        }
      ]
    },
    {
      "mode": "managed",
      "type": "aws_instance",
      "name": "frontend",
      "provider": "provider[\"registry.terraform.io/hashicorp/aws\"]",
      "instances": [
        {
          "schema_version": 1,
          "attributes": {
            "ami": "ami-02e94b011299ef128",
            "arn": "arn:aws:ec2:ap-south-1:450362641038:instance/i-012336959d5d22272",
            "associate_public_ip_address": true,
            "availability_zone": "ap-south-1a",
            "capacity_reservation_specification": [
              {
                "capacity_reservation_preference": "open",
                "capacity_reservation_target": []
              }
            ],
            "cpu_core_count": 1,
            "cpu_options": [
              {
                "amd_sev_snp": "",
                "core_count": 1,
                "threads_per_core": 1
              }
            ],
            "cpu_threads_per_core": 1,
            "credit_specification": [
              {
                "cpu_credits": "standard"
              }
            ],
            "disable_api_stop": false,
            "disable_api_termination": false,
            "ebs_block_device": [],
            "ebs_optimized": false,
            "enclave_options": [
              {
                "enabled": false
              }
            ],
            "ephemeral_block_device": [],
            "get_password_data": false,
            "hibernation": false,
            "host_id": "",
            "host_resource_group_arn": null,
            "iam_instance_profile": "",
            "id": "i-012336959d5d22272",
            "instance_initiated_shutdown_behavior": "stop",
            "instance_lifecycle": "",
            "instance_market_options": [],
            "instance_state": "running",
            "instance_type": "t2.micro",
            "ipv6_address_count": 0,
            "ipv6_addresses": [],
            "key_name": "zomato-prod",
            "launch_template": [],
            "maintenance_options": [
              {
                "auto_recovery": "default"
              }
            ],
            "metadata_options": [
              {
                "http_endpoint": "enabled",
                "http_protocol_ipv6": "disabled",
                "http_put_response_hop_limit": 2,
                "http_tokens": "required",
                "instance_metadata_tags": "disabled"
              }
            ],
            "monitoring": false,
            "network_interface": [],
            "outpost_arn": "",
            "password_data": "",
            "placement_group": "",
            "placement_partition_number": 0,
            "primary_network_interface_id": "eni-01d8079c59dc6ce71",
            "private_dns": "ip-172-31-41-148.ap-south-1.compute.internal",
            "private_dns_name_options": [
              {
                "enable_resource_name_dns_a_record": false,
                "enable_resource_name_dns_aaaa_record": false,
                "hostname_type": "ip-name"
              }
            ],
            "private_ip": "172.31.41.148",
            "public_dns": "ec2-65-2-7-212.ap-south-1.compute.amazonaws.com",
            "public_ip": "65.2.7.212",
            "root_block_device": [
              {
                "delete_on_termination": true,
                "device_name": "/dev/xvda",
                "encrypted": false,
                "iops": 3000,
                "kms_key_id": "",
                "tags": {},
                "throughput": 125,
                "volume_id": "vol-037860457c77db4a2",
                "volume_size": 8,
                "volume_type": "gp3"
              }
            ],
            "secondary_private_ips": [],
            "security_groups": [
              "zomato-prod-frontend"
            ],
            "source_dest_check": true,
            "spot_instance_request_id": "",
            "subnet_id": "subnet-03c2ad87f93f6ff83",
            "tags": {
              "Name": "zomato-prod-frontend"
            },
            "tags_all": {
              "Name": "zomato-prod-frontend"
            },
            "tenancy": "default",
            "timeouts": null,
            "user_data": "91c7947e3a8d89b0227aa31ddf091b92419be471",
            "user_data_base64": null,
            "user_data_replace_on_change": false,
            "volume_tags": null,
            "vpc_security_group_ids": [
              "sg-0203e8e0e95d8a7a5"
            ]
          },
          "sensitive_attributes": [],
          "private": "eyJlMmJmYjczMC1lY2FhLTExZTYtOGY4OC0zNDM2M2JjN2M0YzAiOnsiY3JlYXRlIjo2MDAwMDAwMDAwMDAsImRlbGV0ZSI6MTIwMDAwMDAwMDAwMCwidXBkYXRlIjo2MDAwMDAwMDAwMDB9LCJzY2hlbWFfdmVyc2lvbiI6IjEifQ==",
          "dependencies": [
            "aws_key_pair.my_key",
            "aws_security_group.frontend"
          ]
        }
      ]
    },
    {
      "mode": "managed",
      "type": "aws_key_pair",
      "name": "my_key",
      "provider": "provider[\"registry.terraform.io/hashicorp/aws\"]",
      "instances": [
        {
          "schema_version": 1,
          "attributes": {
            "arn": "arn:aws:ec2:ap-south-1:450362641038:key-pair/zomato-prod",
            "fingerprint": "85:2a:4b:50:94:b8:a4:44:f8:57:09:36:b4:2c:d5:58",
            "id": "zomato-prod",
            "key_name": "zomato-prod",
            "key_name_prefix": "",
            "key_pair_id": "key-084bfe5ac3f304808",
            "key_type": "rsa",
            "public_key": "ssh-rsa AAAAB3NzaC1yc2EAAAADAQABAAABgQCoFPWBjAvXNIIJOd6ovynTrzvxaHn6Cl7+/kbPPZWJx0tHIdW1Rc6d3YSsyWrlTAehx5YsNKSma6EOVhLFv1QFIPvB4uS3mBkXEqu6TLLLtOXESmm0j5jLINU+1qJO1aWIzKPMj0r5Vot4AeBrh1nKQGkMGCsCMmdDo1/COKf5lbOJNNFGimXFRgDegC2Nz3iszy4aG48NSUUkokWwrh4oAUWMR6HcQktw8c0vQ40C5Zjg3OGraQ6unGGqKgGQ21U5n1yHXxkjgbdh3AL5iwIX4CU99WgMeqIeAfcQ6DOf3p4BCsaInzB4YbOHRvKJmsYG0JV8vEJBADrcfC1a8cjrZi12hB+0BjyI+7uB3co8OLwslAU0ISnlgfjHpQAvO6IEL1BK8NpCtEDXUdXPJjCYnEXZqOoowgMwKtCbfgorT1zHEV8CMoMDFDVW2P1mQvTskGvKPWecwBFT5DnGX8MQLft8PomGK+jx7yPvMhZYX0SHPMHkjJkZH+/9DM9wNrU= root@ip-172-31-36-44.ap-south-1.compute.internal",
            "tags": {
              "Name": "zomato-prod"
            },
            "tags_all": {
              "Name": "zomato-prod"
            }
          },
          "sensitive_attributes": [],
          "private": "eyJzY2hlbWFfdmVyc2lvbiI6IjEifQ=="
        }
      ]
    },
    {
      "mode": "managed",
      "type": "aws_route53_record",
      "name": "frontend",
      "provider": "provider[\"registry.terraform.io/hashicorp/aws\"]",
      "instances": [
        {
          "schema_version": 2,
          "attributes": {
            "alias": [],
            "allow_overwrite": null,
            "cidr_routing_policy": [],
            "failover_routing_policy": [],
            "fqdn": "terraform.arunsiby.tech",
            "geolocation_routing_policy": [],
            "health_check_id": "",
            "id": "Z0075815S1PB0FDD9XX2_terraform.arunsiby.tech_A",
            "latency_routing_policy": [],
            "multivalue_answer_routing_policy": false,
            "name": "terraform.arunsiby.tech",
            "records": [
              "65.2.7.212"
            ],
            "set_identifier": "",
            "ttl": 300,
            "type": "A",
            "weighted_routing_policy": [],
            "zone_id": "Z0075815S1PB0FDD9XX2"
          },
          "sensitive_attributes": [],
          "private": "eyJzY2hlbWFfdmVyc2lvbiI6IjIifQ==",
          "dependencies": [
            "aws_eip.frontend",
            "aws_instance.frontend",
            "aws_key_pair.my_key",
            "aws_security_group.frontend",
            "data.aws_route53_zone.zone-details"
          ]
        }
      ]
    },
    {
      "mode": "managed",
      "type": "aws_security_group",
      "name": "backend",
      "provider": "provider[\"registry.terraform.io/hashicorp/aws\"]",
      "instances": [
        {
          "schema_version": 1,
          "attributes": {
            "arn": "arn:aws:ec2:ap-south-1:450362641038:security-group/sg-045b8a630d5d81e82",
            "description": "zomato-prod-backend",
            "egress": [
              {
                "cidr_blocks": [
                  "0.0.0.0/0"
                ],
                "description": "",
                "from_port": 0,
                "ipv6_cidr_blocks": [
                  "::/0"
                ],
                "prefix_list_ids": [],
                "protocol": "-1",
                "security_groups": [],
                "self": false,
                "to_port": 0
              }
            ],
            "id": "sg-045b8a630d5d81e82",
            "ingress": [
              {
                "cidr_blocks": [
                  "0.0.0.0/0"
                ],
                "description": "",
                "from_port": 22,
                "ipv6_cidr_blocks": [
                  "::/0"
                ],
                "prefix_list_ids": [],
                "protocol": "tcp",
                "security_groups": [],
                "self": false,
                "to_port": 22
              },
              {
                "cidr_blocks": [
                  "0.0.0.0/0"
                ],
                "description": "",
                "from_port": 443,
                "ipv6_cidr_blocks": [
                  "::/0"
                ],
                "prefix_list_ids": [],
                "protocol": "tcp",
                "security_groups": [],
                "self": false,
                "to_port": 443
              },
              {
                "cidr_blocks": [
                  "0.0.0.0/0"
                ],
                "description": "",
                "from_port": 80,
                "ipv6_cidr_blocks": [
                  "::/0"
                ],
                "prefix_list_ids": [],
                "protocol": "tcp",
                "security_groups": [],
                "self": false,
                "to_port": 80
              }
            ],
            "name": "zomato-prod-backend",
            "name_prefix": "",
            "owner_id": "450362641038",
            "revoke_rules_on_delete": false,
            "tags": {
              "Name": "zomato-prod-backend"
            },
            "tags_all": {
              "Name": "zomato-prod-backend"
            },
            "timeouts": null,
            "vpc_id": "vpc-085592062931517f9"
          },
          "sensitive_attributes": [],
          "private": "eyJlMmJmYjczMC1lY2FhLTExZTYtOGY4OC0zNDM2M2JjN2M0YzAiOnsiY3JlYXRlIjo2MDAwMDAwMDAwMDAsImRlbGV0ZSI6OTAwMDAwMDAwMDAwfSwic2NoZW1hX3ZlcnNpb24iOiIxIn0="
        }
      ]
    },
    {
      "mode": "managed",
      "type": "aws_security_group",
      "name": "frontend",
      "provider": "provider[\"registry.terraform.io/hashicorp/aws\"]",
      "instances": [
        {
          "schema_version": 1,
          "attributes": {
            "arn": "arn:aws:ec2:ap-south-1:450362641038:security-group/sg-0203e8e0e95d8a7a5",
            "description": "zomato-prod-frontend",
            "egress": [
              {
                "cidr_blocks": [
                  "0.0.0.0/0"
                ],
                "description": "",
                "from_port": 0,
                "ipv6_cidr_blocks": [
                  "::/0"
                ],
                "prefix_list_ids": [],
                "protocol": "-1",
                "security_groups": [],
                "self": false,
                "to_port": 0
              }
            ],
            "id": "sg-0203e8e0e95d8a7a5",
            "ingress": [
              {
                "cidr_blocks": [
                  "0.0.0.0/0"
                ],
                "description": "",
                "from_port": 9090,
                "ipv6_cidr_blocks": [
                  "::/0"
                ],
                "prefix_list_ids": [],
                "protocol": "tcp",
                "security_groups": [],
                "self": false,
                "to_port": 9090
              },
              {
                "cidr_blocks": [
                  "0.0.0.0/0"
                ],
                "description": null,
                "from_port": 22,
                "ipv6_cidr_blocks": [
                  "::/0"
                ],
                "prefix_list_ids": [],
                "protocol": "tcp",
                "security_groups": [],
                "self": false,
                "to_port": 22
              },
              {
                "cidr_blocks": [
                  "0.0.0.0/0"
                ],
                "description": null,
                "from_port": 443,
                "ipv6_cidr_blocks": [
                  "::/0"
                ],
                "prefix_list_ids": [],
                "protocol": "tcp",
                "security_groups": [],
                "self": false,
                "to_port": 443
              },
              {
                "cidr_blocks": [
                  "0.0.0.0/0"
                ],
                "description": null,
                "from_port": 8080,
                "ipv6_cidr_blocks": [
                  "::/0"
                ],
                "prefix_list_ids": [],
                "protocol": "tcp",
                "security_groups": [],
                "self": false,
                "to_port": 8080
              },
              {
                "cidr_blocks": [
                  "0.0.0.0/0"
                ],
                "description": null,
                "from_port": 80,
                "ipv6_cidr_blocks": [
                  "::/0"
                ],
                "prefix_list_ids": [],
                "protocol": "tcp",
                "security_groups": [],
                "self": false,
                "to_port": 80
              }
            ],
            "name": "zomato-prod-frontend",
            "name_prefix": "",
            "owner_id": "450362641038",
            "revoke_rules_on_delete": false,
            "tags": {
              "Name": "zomato-prod-frontend"
            },
            "tags_all": {
              "Name": "zomato-prod-frontend"
            },
            "timeouts": null,
            "vpc_id": "vpc-085592062931517f9"
          },
          "sensitive_attributes": [],
          "private": "eyJlMmJmYjczMC1lY2FhLTExZTYtOGY4OC0zNDM2M2JjN2M0YzAiOnsiY3JlYXRlIjo2MDAwMDAwMDAwMDAsImRlbGV0ZSI6OTAwMDAwMDAwMDAwfSwic2NoZW1hX3ZlcnNpb24iOiIxIn0="
        }
      ]
    }
  ],
  "check_results": null
}
